
Microsoft Visual Studio Solution File, Format Version 12.00
# Visual Studio Version 16
VisualStudioVersion = 16.0.29001.49
MinimumVisualStudioVersion = 10.0.40219.1
Project("{9A19103F-16F7-4668-BE54-9A1E7A4F7556}") = "Abstractions", "src\Abstractions\src\Abstractions.csproj", "{D991D471-6417-4F29-8809-EF5331721D42}"
EndProject
Project("{9A19103F-16F7-4668-BE54-9A1E7A4F7556}") = "Hangfire", "src\Hangfire\src\Hangfire.csproj", "{199B157A-F20F-4096-9A9D-1A2214070818}"
EndProject
Project("{FAE04EC0-301F-11D3-BF4B-00C04F79EFBC}") = "Hangfire.Tests", "src\Hangfire\test\Hangfire.Tests\Hangfire.Tests.csproj", "{1E49506C-6A7C-4E98-A0E8-0169F941E2BD}"
EndProject
Project("{2150E333-8FDC-42A3-9474-1A3956D46DE8}") = "Tests", "Tests", "{95D2383B-80C5-46AA-9190-826A0377A156}"
EndProject
Project("{2150E333-8FDC-42A3-9474-1A3956D46DE8}") = "Solution Items", "Solution Items", "{4BE92BA1-67B7-4490-94EC-5E2F1E3B080A}"
	ProjectSection(SolutionItems) = preProject
		.gitlab-ci.yml = .gitlab-ci.yml
		README.md = README.md
	EndProjectSection
EndProject
Global
	GlobalSection(SolutionConfigurationPlatforms) = preSolution
		Debug|Any CPU = Debug|Any CPU
		Release|Any CPU = Release|Any CPU
	EndGlobalSection
	GlobalSection(ProjectConfigurationPlatforms) = postSolution
		{D991D471-6417-4F29-8809-EF5331721D42}.Debug|Any CPU.ActiveCfg = Debug|Any CPU
		{D991D471-6417-4F29-8809-EF5331721D42}.Debug|Any CPU.Build.0 = Debug|Any CPU
		{D991D471-6417-4F29-8809-EF5331721D42}.Release|Any CPU.ActiveCfg = Release|Any CPU
		{D991D471-6417-4F29-8809-EF5331721D42}.Release|Any CPU.Build.0 = Release|Any CPU
		{199B157A-F20F-4096-9A9D-1A2214070818}.Debug|Any CPU.ActiveCfg = Debug|Any CPU
		{199B157A-F20F-4096-9A9D-1A2214070818}.Debug|Any CPU.Build.0 = Debug|Any CPU
		{199B157A-F20F-4096-9A9D-1A2214070818}.Release|Any CPU.ActiveCfg = Release|Any CPU
		{199B157A-F20F-4096-9A9D-1A2214070818}.Release|Any CPU.Build.0 = Release|Any CPU
		{1E49506C-6A7C-4E98-A0E8-0169F941E2BD}.Debug|Any CPU.ActiveCfg = Debug|Any CPU
		{1E49506C-6A7C-4E98-A0E8-0169F941E2BD}.Debug|Any CPU.Build.0 = Debug|Any CPU
		{1E49506C-6A7C-4E98-A0E8-0169F941E2BD}.Release|Any CPU.ActiveCfg = Release|Any CPU
		{1E49506C-6A7C-4E98-A0E8-0169F941E2BD}.Release|Any CPU.Build.0 = Release|Any CPU
	EndGlobalSection
	GlobalSection(SolutionProperties) = preSolution
		HideSolutionNode = FALSE
	EndGlobalSection
	GlobalSection(NestedProjects) = preSolution
		{1E49506C-6A7C-4E98-A0E8-0169F941E2BD} = {95D2383B-80C5-46AA-9190-826A0377A156}
	EndGlobalSection
	GlobalSection(ExtensibilityGlobals) = postSolution
		SolutionGuid = {DCAD7035-5EC8-4B6E-82B5-769C5A4892EA}
	EndGlobalSection
EndGlobal
